
Microsoft Visual Studio Solution File, Format Version 12.00
# Visual Studio Version 16
VisualStudioVersion = 16.0.30523.141
MinimumVisualStudioVersion = 10.0.40219.1
Project("{9A19103F-16F7-4668-BE54-9A1E7A4F7556}") = "ST3Prj3AppMainWPFPC", "ST3Prj3AppMainWPFPC.csproj", "{A2A468A1-474B-4E0B-B5ED-D442A872F8DB}"
EndProject
Global
	GlobalSection(SolutionConfigurationPlatforms) = preSolution
		Debug|Any CPU = Debug|Any CPU
		Release|Any CPU = Release|Any CPU
	EndGlobalSection
	GlobalSection(ProjectConfigurationPlatforms) = postSolution
		{A2A468A1-474B-4E0B-B5ED-D442A872F8DB}.Debug|Any CPU.ActiveCfg = Debug|Any CPU
		{A2A468A1-474B-4E0B-B5ED-D442A872F8DB}.Debug|Any CPU.Build.0 = Debug|Any CPU
		{A2A468A1-474B-4E0B-B5ED-D442A872F8DB}.Release|Any CPU.ActiveCfg = Release|Any CPU
		{A2A468A1-474B-4E0B-B5ED-D442A872F8DB}.Release|Any CPU.Build.0 = Release|Any CPU
	EndGlobalSection
	GlobalSection(SolutionProperties) = preSolution
		HideSolutionNode = FALSE
	EndGlobalSection
	GlobalSection(ExtensibilityGlobals) = postSolution
		SolutionGuid = {5FCD2617-BD0D-417A-8610-0BBEE7D2E03A}
	EndGlobalSection
EndGlobal
